
Microsoft Visual Studio Solution File, Format Version 12.00
# Visual Studio Version 16
VisualStudioVersion = 16.0.30907.101
MinimumVisualStudioVersion = 10.0.40219.1
Project("{FAE04EC0-301F-11D3-BF4B-00C04F79EFBC}") = "AccountClass", "AccountClass\AccountClass.csproj", "{4EF38005-6103-4182-9D0D-73E029F12688}"
EndProject
Global
	GlobalSection(SolutionConfigurationPlatforms) = preSolution
		Debug|Any CPU = Debug|Any CPU
		Release|Any CPU = Release|Any CPU
	EndGlobalSection
	GlobalSection(ProjectConfigurationPlatforms) = postSolution
		{4EF38005-6103-4182-9D0D-73E029F12688}.Debug|Any CPU.ActiveCfg = Debug|Any CPU
		{4EF38005-6103-4182-9D0D-73E029F12688}.Debug|Any CPU.Build.0 = Debug|Any CPU
		{4EF38005-6103-4182-9D0D-73E029F12688}.Release|Any CPU.ActiveCfg = Release|Any CPU
		{4EF38005-6103-4182-9D0D-73E029F12688}.Release|Any CPU.Build.0 = Release|Any CPU
	EndGlobalSection
	GlobalSection(SolutionProperties) = preSolution
		HideSolutionNode = FALSE
	EndGlobalSection
	GlobalSection(ExtensibilityGlobals) = postSolution
		SolutionGuid = {68634788-FD14-4A48-B4F3-99AAF69BAE8B}
	EndGlobalSection
EndGlobal
